
Microsoft Visual Studio Solution File, Format Version 12.00
# Visual Studio Version 16
VisualStudioVersion = 16.0.32802.440
MinimumVisualStudioVersion = 10.0.40219.1
Project("{FAE04EC0-301F-11D3-BF4B-00C04F79EFBC}") = "ADO_WF_Example", "ADO_WF_Example\ADO_WF_Example.csproj", "{C78503FC-3C7D-4453-995B-00B1E4600A1C}"
EndProject
Global
	GlobalSection(SolutionConfigurationPlatforms) = preSolution
		Debug|Any CPU = Debug|Any CPU
		Release|Any CPU = Release|Any CPU
	EndGlobalSection
	GlobalSection(ProjectConfigurationPlatforms) = postSolution
		{C78503FC-3C7D-4453-995B-00B1E4600A1C}.Debug|Any CPU.ActiveCfg = Debug|Any CPU
		{C78503FC-3C7D-4453-995B-00B1E4600A1C}.Debug|Any CPU.Build.0 = Debug|Any CPU
		{C78503FC-3C7D-4453-995B-00B1E4600A1C}.Release|Any CPU.ActiveCfg = Release|Any CPU
		{C78503FC-3C7D-4453-995B-00B1E4600A1C}.Release|Any CPU.Build.0 = Release|Any CPU
	EndGlobalSection
	GlobalSection(SolutionProperties) = preSolution
		HideSolutionNode = FALSE
	EndGlobalSection
	GlobalSection(ExtensibilityGlobals) = postSolution
		SolutionGuid = {CE17A73A-3D6E-4DBE-804D-794BC619FE2E}
	EndGlobalSection
EndGlobal
