
Microsoft Visual Studio Solution File, Format Version 12.00
# Visual Studio Version 16
VisualStudioVersion = 16.0.32630.194
MinimumVisualStudioVersion = 10.0.40219.1
Project("{FAE04EC0-301F-11D3-BF4B-00C04F79EFBC}") = "ADO.NET_Intro", "ADO.NET_Intro\ADO.NET_Intro.csproj", "{50AEC589-18CB-4803-A5F1-518ADB935027}"
EndProject
Global
	GlobalSection(SolutionConfigurationPlatforms) = preSolution
		Debug|Any CPU = Debug|Any CPU
		Release|Any CPU = Release|Any CPU
	EndGlobalSection
	GlobalSection(ProjectConfigurationPlatforms) = postSolution
		{50AEC589-18CB-4803-A5F1-518ADB935027}.Debug|Any CPU.ActiveCfg = Debug|Any CPU
		{50AEC589-18CB-4803-A5F1-518ADB935027}.Debug|Any CPU.Build.0 = Debug|Any CPU
		{50AEC589-18CB-4803-A5F1-518ADB935027}.Release|Any CPU.ActiveCfg = Release|Any CPU
		{50AEC589-18CB-4803-A5F1-518ADB935027}.Release|Any CPU.Build.0 = Release|Any CPU
	EndGlobalSection
	GlobalSection(SolutionProperties) = preSolution
		HideSolutionNode = FALSE
	EndGlobalSection
	GlobalSection(ExtensibilityGlobals) = postSolution
		SolutionGuid = {FF3EB623-9046-4442-8D28-F40E899CD7C7}
	EndGlobalSection
EndGlobal
